<?xml version="1.0" encoding="utf-8"?>
<Project ToolsVersion="4.0" xmlns="http://schemas.microsoft.com/developer/msbuild/2003">
  <ItemGroup>
    <Filter Include="Header Files">
      <UniqueIdentifier>{93995380-89BD-4b04-88EB-625FBE52EBFB}</UniqueIdentifier>
      <Extensions>h;hh;hpp;hxx;h++;hm;inl;inc;ipp;xsd</Extensions>
    </Filter>
    <Filter Include="Resource Files">
      <UniqueIdentifier>{67DA6AB6-F800-4c08-8B7A-83BB121AAD01}</UniqueIdentifier>
      <Extensions>rc;ico;cur;bmp;dlg;rc2;rct;bin;rgs;gif;jpg;jpeg;jpe;resx;tiff;tif;png;wav;mfcribbon-ms</Extensions>
    </Filter>
    <Filter Include="Header Files\Pieces">
      <UniqueIdentifier>{60486335-e9e4-41f9-8b0e-174b44bc347d}</UniqueIdentifier>
    </Filter>
    <Filter Include="Resource Files\Source Files">
      <UniqueIdentifier>{4FC737F1-C7A5-4376-A066-2A32D752A2FF}</UniqueIdentifier>
      <Extensions>cpp;c;cc;cxx;c++;cppm;ixx;def;odl;idl;hpj;bat;asm;asmx</Extensions>
    </Filter>
    <Filter Include="Resource Files\Source Files\Pieces">
      <UniqueIdentifier>{9affd9b6-068f-42ce-b7ab-8da76373402f}</UniqueIdentifier>
    </Filter>
    <Filter Include="Assets">
      <UniqueIdentifier>{1906864e-ee8a-4928-b157-26094c628d5b}</UniqueIdentifier>
    </Filter>
    <Filter Include="Assets\chessPieces">
      <UniqueIdentifier>{0918b05f-46b6-4a37-b9a2-7028d24b7cd7}</UniqueIdentifier>
    </Filter>
  </ItemGroup>
  <ItemGroup>
    <ClCompile Include="main.cpp">
      <Filter>Resource Files\Source Files</Filter>
    </ClCompile>
    <ClCompile Include="ChessBoard.cpp">
      <Filter>Resource Files\Source Files</Filter>
    </ClCompile>
    <ClCompile Include="ChessPiece.cpp">
      <Filter>Resource Files\Source Files</Filter>
    </ClCompile>
    <ClCompile Include="Positions.cpp">
      <Filter>Resource Files\Source Files</Filter>
    </ClCompile>
    <ClCompile Include="Check-CheckMate.cpp">
      <Filter>Resource Files\Source Files</Filter>
    </ClCompile>
    <ClCompile Include="Pawn.cpp">
      <Filter>Resource Files\Source Files\Pieces</Filter>
    </ClCompile>
    <ClCompile Include="textures.cpp">
      <Filter>Resource Files\Source Files</Filter>
    </ClCompile>
    <ClCompile Include="King.cpp">
      <Filter>Resource Files\Source Files\Pieces</Filter>
    </ClCompile>
    <ClCompile Include="Queen.cpp">
      <Filter>Resource Files\Source Files\Pieces</Filter>
    </ClCompile>
    <ClCompile Include="Rook.cpp">
      <Filter>Resource Files\Source Files\Pieces</Filter>
    </ClCompile>
    <ClCompile Include="Bishop.cpp">
      <Filter>Resource Files\Source Files\Pieces</Filter>
    </ClCompile>
    <ClCompile Include="Knight.cpp">
      <Filter>Resource Files\Source Files\Pieces</Filter>
    </ClCompile>
    <ClCompile Include="mainMenu.cpp">
      <Filter>Resource Files\Source Files</Filter>
    </ClCompile>
    <ClCompile Include="RoundedRectangleShape.cpp">
      <Filter>Resource Files\Source Files</Filter>
    </ClCompile>
    <ClCompile Include="Network.cpp">
      <Filter>Resource Files\Source Files</Filter>
    </ClCompile>
    <ClCompile Include="assets\segoeuithibd_ttf.cpp">
      <Filter>Assets</Filter>
    </ClCompile>
    <ClCompile Include="assets\segoeuithis_ttf.cpp">
      <Filter>Assets</Filter>
    </ClCompile>
    <ClCompile Include="assets\chessPieces\blackBishop.cpp">
      <Filter>Assets\chessPieces</Filter>
    </ClCompile>
    <ClCompile Include="assets\chessPieces\blackKnight.cpp">
      <Filter>Assets\chessPieces</Filter>
    </ClCompile>
    <ClCompile Include="assets\chessPieces\blackPawn.cpp">
      <Filter>Assets\chessPieces</Filter>
    </ClCompile>
    <ClCompile Include="assets\chessPieces\blackQueen.cpp">
      <Filter>Assets\chessPieces</Filter>
    </ClCompile>
    <ClCompile Include="assets\chessPieces\blackRook.cpp">
      <Filter>Assets\chessPieces</Filter>
    </ClCompile>
    <ClCompile Include="assets\chessPieces\whiteBishop.cpp">
      <Filter>Assets\chessPieces</Filter>
    </ClCompile>
    <ClCompile Include="assets\chessPieces\whiteKing.cpp">
      <Filter>Assets\chessPieces</Filter>
    </ClCompile>
    <ClCompile Include="assets\chessPieces\whiteKnight.cpp">
      <Filter>Assets\chessPieces</Filter>
    </ClCompile>
    <ClCompile Include="assets\chessPieces\whitePawn.cpp">
      <Filter>Assets\chessPieces</Filter>
    </ClCompile>
    <ClCompile Include="assets\chessPieces\whiteQueen.cpp">
      <Filter>Assets\chessPieces</Filter>
    </ClCompile>
    <ClCompile Include="assets\chessPieces\whiteRook.cpp">
      <Filter>Assets\chessPieces</Filter>
    </ClCompile>
    <ClCompile Include="assets\chessPieces\blackKing.cpp">
      <Filter>Assets\chessPieces</Filter>
    </ClCompile>
    <ClCompile Include="stockfish.cpp">
      <Filter>Resource Files\Source Files</Filter>
    </ClCompile>
  </ItemGroup>
  <ItemGroup>
    <ClInclude Include="ChessBoard.hpp">
      <Filter>Header Files</Filter>
    </ClInclude>
    <ClInclude Include="ChessPiece.hpp">
      <Filter>Header Files</Filter>
    </ClInclude>
    <ClInclude Include="Positions.hpp">
      <Filter>Header Files</Filter>
    </ClInclude>
    <ClInclude Include="Check-CheckMate.hpp">
      <Filter>Header Files</Filter>
    </ClInclude>
    <ClInclude Include="conversion.hpp">
      <Filter>Header Files</Filter>
    </ClInclude>
    <ClInclude Include="Pawn.hpp">
      <Filter>Header Files\Pieces</Filter>
    </ClInclude>
    <ClInclude Include="textures.hpp">
      <Filter>Header Files</Filter>
    </ClInclude>
    <ClInclude Include="King.hpp">
      <Filter>Header Files\Pieces</Filter>
    </ClInclude>
    <ClInclude Include="Queen.hpp">
      <Filter>Header Files\Pieces</Filter>
    </ClInclude>
    <ClInclude Include="Rook.hpp">
      <Filter>Header Files\Pieces</Filter>
    </ClInclude>
    <ClInclude Include="Bishop.hpp">
      <Filter>Header Files\Pieces</Filter>
    </ClInclude>
    <ClInclude Include="Knight.hpp">
      <Filter>Header Files\Pieces</Filter>
    </ClInclude>
    <ClInclude Include="Promotion.hpp">
      <Filter>Header Files</Filter>
    </ClInclude>
    <ClInclude Include="main.hpp">
      <Filter>Header Files</Filter>
    </ClInclude>
    <ClInclude Include="mainMenu.hpp">
      <Filter>Header Files</Filter>
    </ClInclude>
    <ClInclude Include="RoundedRectangleShape.hpp">
      <Filter>Header Files</Filter>
    </ClInclude>
    <ClInclude Include="json.hpp">
      <Filter>Header Files</Filter>
    </ClInclude>
    <ClInclude Include="Network.hpp">
      <Filter>Header Files</Filter>
    </ClInclude>
    <ClInclude Include="assets\segoeuithis_ttf.h">
      <Filter>Assets</Filter>
    </ClInclude>
    <ClInclude Include="assets\segoeuithibd_ttf.h">
      <Filter>Assets</Filter>
    </ClInclude>
    <ClInclude Include="assets\chessPieces\blackBishop.h">
      <Filter>Assets\chessPieces</Filter>
    </ClInclude>
    <ClInclude Include="assets\chessPieces\blackKnight.h">
      <Filter>Assets\chessPieces</Filter>
    </ClInclude>
    <ClInclude Include="assets\chessPieces\blackPawn.h">
      <Filter>Assets\chessPieces</Filter>
    </ClInclude>
    <ClInclude Include="assets\chessPieces\blackQueen.h">
      <Filter>Assets\chessPieces</Filter>
    </ClInclude>
    <ClInclude Include="assets\chessPieces\blackRook.h">
      <Filter>Assets\chessPieces</Filter>
    </ClInclude>
    <ClInclude Include="assets\chessPieces\ChessPiecesUmbrella.hpp">
      <Filter>Assets\chessPieces</Filter>
    </ClInclude>
    <ClInclude Include="assets\chessPieces\whiteBishop.h">
      <Filter>Assets\chessPieces</Filter>
    </ClInclude>
    <ClInclude Include="assets\chessPieces\whiteKing.h">
      <Filter>Assets\chessPieces</Filter>
    </ClInclude>
    <ClInclude Include="assets\chessPieces\whiteKnight.h">
      <Filter>Assets\chessPieces</Filter>
    </ClInclude>
    <ClInclude Include="assets\chessPieces\whitePawn.h">
      <Filter>Assets\chessPieces</Filter>
    </ClInclude>
    <ClInclude Include="assets\chessPieces\whiteQueen.h">
      <Filter>Assets\chessPieces</Filter>
    </ClInclude>
    <ClInclude Include="assets\chessPieces\whiteRook.h">
      <Filter>Assets\chessPieces</Filter>
    </ClInclude>
    <ClInclude Include="assets\chessPieces\blackKing.h">
      <Filter>Assets\chessPieces</Filter>
    </ClInclude>
    <ClInclude Include="stockfish.hpp">
      <Filter>Header Files</Filter>
    </ClInclude>
  </ItemGroup>
</Project>